// !$*UTF8*$!
{
	archiveVersion = 1;
	classes = {
	};
	objectVersion = 56;
	objects = {

/* Begin PBXBuildFile section */
		AA000001 /* LendicgramVKApp.swift in Sources */  = {isa = PBXBuildFile; fileRef = AA100001; };
		AA000002 /* ContentView.swift in Sources */      = {isa = PBXBuildFile; fileRef = AA100002; };
		AA000003 /* Models.swift in Sources */           = {isa = PBXBuildFile; fileRef = AA100003; };
		AA000004 /* ChatsListView.swift in Sources */    = {isa = PBXBuildFile; fileRef = AA100004; };
		AA000005 /* ChatView.swift in Sources */         = {isa = PBXBuildFile; fileRef = AA100005; };
		AA000006 /* ProfileView.swift in Sources */      = {isa = PBXBuildFile; fileRef = AA100006; };
		AA000007 /* ContactsView.swift in Sources */     = {isa = PBXBuildFile; fileRef = AA100007; };
		AA000008 /* Assets.xcassets in Resources */      = {isa = PBXBuildFile; fileRef = AA100008; };
/* End PBXBuildFile section */

/* Begin PBXFileReference section */
		AA100001 /* LendicgramVKApp.swift */  = {isa = PBXFileReference; lastKnownFileType = sourcecode.swift; path = "App/LendicgramVKApp.swift";         sourceTree = "<group>"; };
		AA100002 /* ContentView.swift */      = {isa = PBXFileReference; lastKnownFileType = sourcecode.swift; path = "App/ContentView.swift";              sourceTree = "<group>"; };
		AA100003 /* Models.swift */           = {isa = PBXFileReference; lastKnownFileType = sourcecode.swift; path = "Models/Models.swift";                sourceTree = "<group>"; };
		AA100004 /* ChatsListView.swift */    = {isa = PBXFileReference; lastKnownFileType = sourcecode.swift; path = "Views/ChatsListView.swift";          sourceTree = "<group>"; };
		AA100005 /* ChatView.swift */         = {isa = PBXFileReference; lastKnownFileType = sourcecode.swift; path = "Views/ChatView.swift";               sourceTree = "<group>"; };
		AA100006 /* ProfileView.swift */      = {isa = PBXFileReference; lastKnownFileType = sourcecode.swift; path = "Views/ProfileView.swift";            sourceTree = "<group>"; };
		AA100007 /* ContactsView.swift */     = {isa = PBXFileReference; lastKnownFileType = sourcecode.swift; path = "Views/ContactsView.swift";           sourceTree = "<group>"; };
		AA100008 /* Assets.xcassets */        = {isa = PBXFileReference; lastKnownFileType = folder.assetcatalog; path = Assets.xcassets;                  sourceTree = "<group>"; };
		AA200001 /* LendicgramVK.app */       = {isa = PBXFileReference; explicitFileType = wrapper.application; includeInIndex = 0; path = LendicgramVK.app; sourceTree = BUILT_PRODUCTS_DIR; };
/* End PBXFileReference section */

/* Begin PBXFrameworksBuildPhase section */
		AA300001 /* Frameworks */ = {
			isa = PBXFrameworksBuildPhase;
			buildActionMask = 2147483647;
			files = ();
			runOnlyForDeploymentPostprocessing = 0;
		};
/* End PBXFrameworksBuildPhase section */

/* Begin PBXGroup section */
		AA400001 /* LendicgramVK */ = {
			isa = PBXGroup;
			children = (
				AA100001, AA100002, AA100003,
				AA100004, AA100005, AA100006, AA100007,
				AA100008,
			);
			path = LendicgramVK;
			sourceTree = "<group>";
		};
		AA400002 /* Products */ = {
			isa = PBXGroup;
			children = (AA200001);
			name = Products;
			sourceTree = "<group>";
		};
		AA400000 = {
			isa = PBXGroup;
			children = (AA400001, AA400002);
			sourceTree = "<group>";
		};
/* End PBXGroup section */

/* Begin PBXNativeTarget section */
		AA500001 /* LendicgramVK */ = {
			isa = PBXNativeTarget;
			buildConfigurationList = AA600002;
			buildPhases = (AA700001, AA300001, AA700002);
			buildRules = ();
			dependencies = ();
			name = LendicgramVK;
			productName = LendicgramVK;
			productReference = AA200001;
			productType = "com.apple.product-type.application";
		};
/* End PBXNativeTarget section */

/* Begin PBXProject section */
		AA800001 /* Project object */ = {
			isa = PBXProject;
			attributes = {
				BuildIndependentTargetsInParallel = 1;
				LastSwiftUpdateCheck = 1800;
				LastUpgradeCheck = 1800;
				TargetAttributes = { AA500001 = { CreatedOnToolsVersion = 18.0; }; };
			};
			buildConfigurationList = AA600001;
			compatibilityVersion = "Xcode 14.0";
			developmentRegion = ru;
			hasScannedForEncodings = 0;
			knownRegions = (en, ru, Base);
			mainGroup = AA400000;
			productRefGroup = AA400002;
			projectDirPath = "";
			projectRoot = "";
			targets = (AA500001);
		};
/* End PBXProject section */

/* Begin PBXResourcesBuildPhase section */
		AA700002 /* Resources */ = {
			isa = PBXResourcesBuildPhase;
			buildActionMask = 2147483647;
			files = (AA000008);
			runOnlyForDeploymentPostprocessing = 0;
		};
/* End PBXResourcesBuildPhase section */

/* Begin PBXSourcesBuildPhase section */
		AA700001 /* Sources */ = {
			isa = PBXSourcesBuildPhase;
			buildActionMask = 2147483647;
			files = (
				AA000001, AA000002, AA000003,
				AA000004, AA000005, AA000006, AA000007,
			);
			runOnlyForDeploymentPostprocessing = 0;
		};
/* End PBXSourcesBuildPhase section */

/* Begin XCBuildConfiguration section */
		AA600003 /* Debug */ = {
			isa = XCBuildConfiguration;
			buildSettings = {
				ALWAYS_SEARCH_USER_PATHS = NO;
				ASSETCATALOG_COMPILER_APPICON_NAME = AppIcon;
				ASSETCATALOG_COMPILER_GLOBAL_ACCENT_COLOR_NAME = AccentColor;
				CODE_SIGN_STYLE = Automatic;
				CURRENT_PROJECT_VERSION = 1;
				DEVELOPMENT_TEAM = "";
				GENERATE_INFOPLIST_FILE = YES;
				INFOPLIST_KEY_CFBundleDisplayName = "LendicgramVK";
				INFOPLIST_KEY_NSCameraUsageDescription = "Нужен для видеосообщений";
				INFOPLIST_KEY_NSMicrophoneUsageDescription = "Нужен для голосовых сообщений";
				INFOPLIST_KEY_UIApplicationSceneManifest_Generation = YES;
				INFOPLIST_KEY_UIApplicationSupportsIndirectInputEvents = YES;
				INFOPLIST_KEY_UILaunchScreen_Generation = YES;
				INFOPLIST_KEY_UISupportedInterfaceOrientations_iPhone = "UIInterfaceOrientationPortrait";
				IPHONEOS_DEPLOYMENT_TARGET = 26.0;
				LD_RUNPATH_SEARCH_PATHS = "@executable_path/Frameworks";
				MARKETING_VERSION = 1.0;
				PRODUCT_BUNDLE_IDENTIFIER = com.lendic.LendicgramVK;
				PRODUCT_NAME = "$(TARGET_NAME)";
				SDKROOT = iphoneos;
				SUPPORTED_PLATFORMS = "iphoneos iphonesimulator";
				SWIFT_EMIT_LOC_STRINGS = YES;
				SWIFT_VERSION = 5.0;
				TARGETED_DEVICE_FAMILY = 1;
			};
			name = Debug;
		};
		AA600004 /* Release */ = {
			isa = XCBuildConfiguration;
			buildSettings = {
				ALWAYS_SEARCH_USER_PATHS = NO;
				ASSETCATALOG_COMPILER_APPICON_NAME = AppIcon;
				ASSETCATALOG_COMPILER_GLOBAL_ACCENT_COLOR_NAME = AccentColor;
				CODE_SIGN_STYLE = Automatic;
				CURRENT_PROJECT_VERSION = 1;
				DEVELOPMENT_TEAM = "";
				GENERATE_INFOPLIST_FILE = YES;
				INFOPLIST_KEY_CFBundleDisplayName = "LendicgramVK";
				INFOPLIST_KEY_NSCameraUsageDescription = "Нужен для видеосообщений";
				INFOPLIST_KEY_NSMicrophoneUsageDescription = "Нужен для голосовых сообщений";
				INFOPLIST_KEY_UIApplicationSceneManifest_Generation = YES;
				INFOPLIST_KEY_UIApplicationSupportsIndirectInputEvents = YES;
				INFOPLIST_KEY_UILaunchScreen_Generation = YES;
				INFOPLIST_KEY_UISupportedInterfaceOrientations_iPhone = "UIInterfaceOrientationPortrait";
				IPHONEOS_DEPLOYMENT_TARGET = 26.0;
				LD_RUNPATH_SEARCH_PATHS = "@executable_path/Frameworks";
				MARKETING_VERSION = 1.0;
				PRODUCT_BUNDLE_IDENTIFIER = com.lendic.LendicgramVK;
				PRODUCT_NAME = "$(TARGET_NAME)";
				SDKROOT = iphoneos;
				SUPPORTED_PLATFORMS = "iphoneos iphonesimulator";
				SWIFT_EMIT_LOC_STRINGS = YES;
				SWIFT_VERSION = 5.0;
				TARGETED_DEVICE_FAMILY = 1;
			};
			name = Release;
		};
		AA600005 /* Debug (project) */  = { isa = XCBuildConfiguration; buildSettings = { SWIFT_ACTIVE_COMPILATION_CONDITIONS = DEBUG; }; name = Debug; };
		AA600006 /* Release (project) */ = { isa = XCBuildConfiguration; buildSettings = {}; name = Release; };
/* End XCBuildConfiguration section */

/* Begin XCConfigurationList section */
		AA600001 = { isa = XCConfigurationList; buildConfigurations = (AA600005, AA600006); defaultConfigurationIsVisible = 0; defaultConfigurationName = Release; };
		AA600002 = { isa = XCConfigurationList; buildConfigurations = (AA600003, AA600004); defaultConfigurationIsVisible = 0; defaultConfigurationName = Release; };
/* End XCConfigurationList section */

	};
	rootObject = AA800001;
}
